
Microsoft Visual Studio Solution File, Format Version 12.00
# Visual Studio 15
VisualStudioVersion = 15.0.28307.1321
MinimumVisualStudioVersion = 10.0.40219.1
Project("{FAE04EC0-301F-11D3-BF4B-00C04F79EFBC}") = "SoyAğacı", "SoyAğacı\SoyAğacı.csproj", "{D4BD69D4-C8E9-4D5F-A81D-4E82E46E167C}"
EndProject
Global
	GlobalSection(SolutionConfigurationPlatforms) = preSolution
		Debug|Any CPU = Debug|Any CPU
		Release|Any CPU = Release|Any CPU
	EndGlobalSection
	GlobalSection(ProjectConfigurationPlatforms) = postSolution
		{D4BD69D4-C8E9-4D5F-A81D-4E82E46E167C}.Debug|Any CPU.ActiveCfg = Debug|Any CPU
		{D4BD69D4-C8E9-4D5F-A81D-4E82E46E167C}.Debug|Any CPU.Build.0 = Debug|Any CPU
		{D4BD69D4-C8E9-4D5F-A81D-4E82E46E167C}.Release|Any CPU.ActiveCfg = Release|Any CPU
		{D4BD69D4-C8E9-4D5F-A81D-4E82E46E167C}.Release|Any CPU.Build.0 = Release|Any CPU
	EndGlobalSection
	GlobalSection(SolutionProperties) = preSolution
		HideSolutionNode = FALSE
	EndGlobalSection
	GlobalSection(ExtensibilityGlobals) = postSolution
		SolutionGuid = {3D3FFAF3-09C5-4711-8275-E49C7C209107}
	EndGlobalSection
EndGlobal
